
Microsoft Visual Studio Solution File, Format Version 12.00
# Visual Studio Version 17
VisualStudioVersion = 17.0.31903.59
MinimumVisualStudioVersion = 10.0.40219.1
Project("{2150E333-8FDC-42A3-9474-1A3956D46DE8}") = "src", "src", "{827E0CD3-B72D-47B6-A68D-7590B98EB39B}"
EndProject
Project("{FAE04EC0-301F-11D3-BF4B-00C04F79EFBC}") = "IBKR.Api.Client", "src\IBKR.Api.Client\IBKR.Api.Client.csproj", "{FD24168A-534B-4C09-9639-38D8EA365831}"
EndProject
Project("{2150E333-8FDC-42A3-9474-1A3956D46DE8}") = "tests", "tests", "{0AB3BF05-4346-4AA6-1389-037BE0695223}"
EndProject
Project("{FAE04EC0-301F-11D3-BF4B-00C04F79EFBC}") = "IBKR.Api.Client.Tests", "tests\IBKR.Api.Client.Tests\IBKR.Api.Client.Tests.csproj", "{2CBE9394-3BB4-4610-9FB4-EC99B5D2825C}"
EndProject
Project("{FAE04EC0-301F-11D3-BF4B-00C04F79EFBC}") = "IBKR.Api.Client.Mock", "src\IBKR.Api.Client.Mock\IBKR.Api.Client.Mock.csproj", "{CED10C72-6EA5-4677-A11B-31C6E6DDC014}"
EndProject
Project("{FAE04EC0-301F-11D3-BF4B-00C04F79EFBC}") = "IBKR.Api.Client.Http", "src\IBKR.Api.Client.Http\IBKR.Api.Client.Http.csproj", "{6489C751-9C82-4CC2-B29E-3C462EF2845D}"
EndProject
Project("{FAE04EC0-301F-11D3-BF4B-00C04F79EFBC}") = "IBKR.Api.V2.Generator", "src\IBKR.Api.V2.Generator\IBKR.Api.V2.Generator.csproj", "{A18B8298-639C-462F-8AF5-ABB5760CA8EE}"
EndProject
Project("{FAE04EC0-301F-11D3-BF4B-00C04F79EFBC}") = "IBKR.Api.V2.Generated.NSwag", "src\IBKR.Api.V2.Generated.NSwag\IBKR.Api.V2.Generated.NSwag.csproj", "{2A3EF56C-46C5-43C9-892B-F3EA6A6B3982}"
EndProject
Project("{FAE04EC0-301F-11D3-BF4B-00C04F79EFBC}") = "IBKR.Api.V2.NSwag.Reorganizer", "src\IBKR.Api.V2.NSwag.Reorganizer\IBKR.Api.V2.NSwag.Reorganizer.csproj", "{98593276-B3C0-4695-9A3B-DEEC2644C271}"
EndProject
Project("{FAE04EC0-301F-11D3-BF4B-00C04F79EFBC}") = "IBKR.Api.V2.Generated.NSwag.Organized", "src\IBKR.Api.V2.Generated.NSwag.Organized\IBKR.Api.V2.Generated.NSwag.Organized.csproj", "{A8FED7E9-67AC-4A88-80DA-9A72568E3E52}"
EndProject
Project("{FAE04EC0-301F-11D3-BF4B-00C04F79EFBC}") = "IBKR.Api.V2.Generated.Kiota", "src\IBKR.Api.V2.Generated.Kiota\IBKR.Api.V2.Generated.Kiota.csproj", "{6F0C5C4E-393F-4981-83E3-40C20179B3D5}"
EndProject
Global
	GlobalSection(SolutionConfigurationPlatforms) = preSolution
		Debug|Any CPU = Debug|Any CPU
		Debug|x64 = Debug|x64
		Debug|x86 = Debug|x86
		Release|Any CPU = Release|Any CPU
		Release|x64 = Release|x64
		Release|x86 = Release|x86
	EndGlobalSection
	GlobalSection(ProjectConfigurationPlatforms) = postSolution
		{FD24168A-534B-4C09-9639-38D8EA365831}.Debug|Any CPU.ActiveCfg = Debug|Any CPU
		{FD24168A-534B-4C09-9639-38D8EA365831}.Debug|Any CPU.Build.0 = Debug|Any CPU
		{FD24168A-534B-4C09-9639-38D8EA365831}.Debug|x64.ActiveCfg = Debug|Any CPU
		{FD24168A-534B-4C09-9639-38D8EA365831}.Debug|x64.Build.0 = Debug|Any CPU
		{FD24168A-534B-4C09-9639-38D8EA365831}.Debug|x86.ActiveCfg = Debug|Any CPU
		{FD24168A-534B-4C09-9639-38D8EA365831}.Debug|x86.Build.0 = Debug|Any CPU
		{FD24168A-534B-4C09-9639-38D8EA365831}.Release|Any CPU.ActiveCfg = Release|Any CPU
		{FD24168A-534B-4C09-9639-38D8EA365831}.Release|Any CPU.Build.0 = Release|Any CPU
		{FD24168A-534B-4C09-9639-38D8EA365831}.Release|x64.ActiveCfg = Release|Any CPU
		{FD24168A-534B-4C09-9639-38D8EA365831}.Release|x64.Build.0 = Release|Any CPU
		{FD24168A-534B-4C09-9639-38D8EA365831}.Release|x86.ActiveCfg = Release|Any CPU
		{FD24168A-534B-4C09-9639-38D8EA365831}.Release|x86.Build.0 = Release|Any CPU
		{2CBE9394-3BB4-4610-9FB4-EC99B5D2825C}.Debug|Any CPU.ActiveCfg = Debug|Any CPU
		{2CBE9394-3BB4-4610-9FB4-EC99B5D2825C}.Debug|Any CPU.Build.0 = Debug|Any CPU
		{2CBE9394-3BB4-4610-9FB4-EC99B5D2825C}.Debug|x64.ActiveCfg = Debug|Any CPU
		{2CBE9394-3BB4-4610-9FB4-EC99B5D2825C}.Debug|x64.Build.0 = Debug|Any CPU
		{2CBE9394-3BB4-4610-9FB4-EC99B5D2825C}.Debug|x86.ActiveCfg = Debug|Any CPU
		{2CBE9394-3BB4-4610-9FB4-EC99B5D2825C}.Debug|x86.Build.0 = Debug|Any CPU
		{2CBE9394-3BB4-4610-9FB4-EC99B5D2825C}.Release|Any CPU.ActiveCfg = Release|Any CPU
		{2CBE9394-3BB4-4610-9FB4-EC99B5D2825C}.Release|Any CPU.Build.0 = Release|Any CPU
		{2CBE9394-3BB4-4610-9FB4-EC99B5D2825C}.Release|x64.ActiveCfg = Release|Any CPU
		{2CBE9394-3BB4-4610-9FB4-EC99B5D2825C}.Release|x64.Build.0 = Release|Any CPU
		{2CBE9394-3BB4-4610-9FB4-EC99B5D2825C}.Release|x86.ActiveCfg = Release|Any CPU
		{2CBE9394-3BB4-4610-9FB4-EC99B5D2825C}.Release|x86.Build.0 = Release|Any CPU
		{CED10C72-6EA5-4677-A11B-31C6E6DDC014}.Debug|Any CPU.ActiveCfg = Debug|Any CPU
		{CED10C72-6EA5-4677-A11B-31C6E6DDC014}.Debug|Any CPU.Build.0 = Debug|Any CPU
		{CED10C72-6EA5-4677-A11B-31C6E6DDC014}.Debug|x64.ActiveCfg = Debug|Any CPU
		{CED10C72-6EA5-4677-A11B-31C6E6DDC014}.Debug|x64.Build.0 = Debug|Any CPU
		{CED10C72-6EA5-4677-A11B-31C6E6DDC014}.Debug|x86.ActiveCfg = Debug|Any CPU
		{CED10C72-6EA5-4677-A11B-31C6E6DDC014}.Debug|x86.Build.0 = Debug|Any CPU
		{CED10C72-6EA5-4677-A11B-31C6E6DDC014}.Release|Any CPU.ActiveCfg = Release|Any CPU
		{CED10C72-6EA5-4677-A11B-31C6E6DDC014}.Release|Any CPU.Build.0 = Release|Any CPU
		{CED10C72-6EA5-4677-A11B-31C6E6DDC014}.Release|x64.ActiveCfg = Release|Any CPU
		{CED10C72-6EA5-4677-A11B-31C6E6DDC014}.Release|x64.Build.0 = Release|Any CPU
		{CED10C72-6EA5-4677-A11B-31C6E6DDC014}.Release|x86.ActiveCfg = Release|Any CPU
		{CED10C72-6EA5-4677-A11B-31C6E6DDC014}.Release|x86.Build.0 = Release|Any CPU
		{6489C751-9C82-4CC2-B29E-3C462EF2845D}.Debug|Any CPU.ActiveCfg = Debug|Any CPU
		{6489C751-9C82-4CC2-B29E-3C462EF2845D}.Debug|Any CPU.Build.0 = Debug|Any CPU
		{6489C751-9C82-4CC2-B29E-3C462EF2845D}.Debug|x64.ActiveCfg = Debug|Any CPU
		{6489C751-9C82-4CC2-B29E-3C462EF2845D}.Debug|x64.Build.0 = Debug|Any CPU
		{6489C751-9C82-4CC2-B29E-3C462EF2845D}.Debug|x86.ActiveCfg = Debug|Any CPU
		{6489C751-9C82-4CC2-B29E-3C462EF2845D}.Debug|x86.Build.0 = Debug|Any CPU
		{6489C751-9C82-4CC2-B29E-3C462EF2845D}.Release|Any CPU.ActiveCfg = Release|Any CPU
		{6489C751-9C82-4CC2-B29E-3C462EF2845D}.Release|Any CPU.Build.0 = Release|Any CPU
		{6489C751-9C82-4CC2-B29E-3C462EF2845D}.Release|x64.ActiveCfg = Release|Any CPU
		{6489C751-9C82-4CC2-B29E-3C462EF2845D}.Release|x64.Build.0 = Release|Any CPU
		{6489C751-9C82-4CC2-B29E-3C462EF2845D}.Release|x86.ActiveCfg = Release|Any CPU
		{6489C751-9C82-4CC2-B29E-3C462EF2845D}.Release|x86.Build.0 = Release|Any CPU
		{A18B8298-639C-462F-8AF5-ABB5760CA8EE}.Debug|Any CPU.ActiveCfg = Debug|Any CPU
		{A18B8298-639C-462F-8AF5-ABB5760CA8EE}.Debug|Any CPU.Build.0 = Debug|Any CPU
		{A18B8298-639C-462F-8AF5-ABB5760CA8EE}.Debug|x64.ActiveCfg = Debug|Any CPU
		{A18B8298-639C-462F-8AF5-ABB5760CA8EE}.Debug|x64.Build.0 = Debug|Any CPU
		{A18B8298-639C-462F-8AF5-ABB5760CA8EE}.Debug|x86.ActiveCfg = Debug|Any CPU
		{A18B8298-639C-462F-8AF5-ABB5760CA8EE}.Debug|x86.Build.0 = Debug|Any CPU
		{A18B8298-639C-462F-8AF5-ABB5760CA8EE}.Release|Any CPU.ActiveCfg = Release|Any CPU
		{A18B8298-639C-462F-8AF5-ABB5760CA8EE}.Release|Any CPU.Build.0 = Release|Any CPU
		{A18B8298-639C-462F-8AF5-ABB5760CA8EE}.Release|x64.ActiveCfg = Release|Any CPU
		{A18B8298-639C-462F-8AF5-ABB5760CA8EE}.Release|x64.Build.0 = Release|Any CPU
		{A18B8298-639C-462F-8AF5-ABB5760CA8EE}.Release|x86.ActiveCfg = Release|Any CPU
		{A18B8298-639C-462F-8AF5-ABB5760CA8EE}.Release|x86.Build.0 = Release|Any CPU
		{2A3EF56C-46C5-43C9-892B-F3EA6A6B3982}.Debug|Any CPU.ActiveCfg = Debug|Any CPU
		{2A3EF56C-46C5-43C9-892B-F3EA6A6B3982}.Debug|Any CPU.Build.0 = Debug|Any CPU
		{2A3EF56C-46C5-43C9-892B-F3EA6A6B3982}.Debug|x64.ActiveCfg = Debug|Any CPU
		{2A3EF56C-46C5-43C9-892B-F3EA6A6B3982}.Debug|x64.Build.0 = Debug|Any CPU
		{2A3EF56C-46C5-43C9-892B-F3EA6A6B3982}.Debug|x86.ActiveCfg = Debug|Any CPU
		{2A3EF56C-46C5-43C9-892B-F3EA6A6B3982}.Debug|x86.Build.0 = Debug|Any CPU
		{2A3EF56C-46C5-43C9-892B-F3EA6A6B3982}.Release|Any CPU.ActiveCfg = Release|Any CPU
		{2A3EF56C-46C5-43C9-892B-F3EA6A6B3982}.Release|Any CPU.Build.0 = Release|Any CPU
		{2A3EF56C-46C5-43C9-892B-F3EA6A6B3982}.Release|x64.ActiveCfg = Release|Any CPU
		{2A3EF56C-46C5-43C9-892B-F3EA6A6B3982}.Release|x64.Build.0 = Release|Any CPU
		{2A3EF56C-46C5-43C9-892B-F3EA6A6B3982}.Release|x86.ActiveCfg = Release|Any CPU
		{2A3EF56C-46C5-43C9-892B-F3EA6A6B3982}.Release|x86.Build.0 = Release|Any CPU
		{98593276-B3C0-4695-9A3B-DEEC2644C271}.Debug|Any CPU.ActiveCfg = Debug|Any CPU
		{98593276-B3C0-4695-9A3B-DEEC2644C271}.Debug|Any CPU.Build.0 = Debug|Any CPU
		{98593276-B3C0-4695-9A3B-DEEC2644C271}.Debug|x64.ActiveCfg = Debug|Any CPU
		{98593276-B3C0-4695-9A3B-DEEC2644C271}.Debug|x64.Build.0 = Debug|Any CPU
		{98593276-B3C0-4695-9A3B-DEEC2644C271}.Debug|x86.ActiveCfg = Debug|Any CPU
		{98593276-B3C0-4695-9A3B-DEEC2644C271}.Debug|x86.Build.0 = Debug|Any CPU
		{98593276-B3C0-4695-9A3B-DEEC2644C271}.Release|Any CPU.ActiveCfg = Release|Any CPU
		{98593276-B3C0-4695-9A3B-DEEC2644C271}.Release|Any CPU.Build.0 = Release|Any CPU
		{98593276-B3C0-4695-9A3B-DEEC2644C271}.Release|x64.ActiveCfg = Release|Any CPU
		{98593276-B3C0-4695-9A3B-DEEC2644C271}.Release|x64.Build.0 = Release|Any CPU
		{98593276-B3C0-4695-9A3B-DEEC2644C271}.Release|x86.ActiveCfg = Release|Any CPU
		{98593276-B3C0-4695-9A3B-DEEC2644C271}.Release|x86.Build.0 = Release|Any CPU
		{A8FED7E9-67AC-4A88-80DA-9A72568E3E52}.Debug|Any CPU.ActiveCfg = Debug|Any CPU
		{A8FED7E9-67AC-4A88-80DA-9A72568E3E52}.Debug|Any CPU.Build.0 = Debug|Any CPU
		{A8FED7E9-67AC-4A88-80DA-9A72568E3E52}.Debug|x64.ActiveCfg = Debug|Any CPU
		{A8FED7E9-67AC-4A88-80DA-9A72568E3E52}.Debug|x64.Build.0 = Debug|Any CPU
		{A8FED7E9-67AC-4A88-80DA-9A72568E3E52}.Debug|x86.ActiveCfg = Debug|Any CPU
		{A8FED7E9-67AC-4A88-80DA-9A72568E3E52}.Debug|x86.Build.0 = Debug|Any CPU
		{A8FED7E9-67AC-4A88-80DA-9A72568E3E52}.Release|Any CPU.ActiveCfg = Release|Any CPU
		{A8FED7E9-67AC-4A88-80DA-9A72568E3E52}.Release|Any CPU.Build.0 = Release|Any CPU
		{A8FED7E9-67AC-4A88-80DA-9A72568E3E52}.Release|x64.ActiveCfg = Release|Any CPU
		{A8FED7E9-67AC-4A88-80DA-9A72568E3E52}.Release|x64.Build.0 = Release|Any CPU
		{A8FED7E9-67AC-4A88-80DA-9A72568E3E52}.Release|x86.ActiveCfg = Release|Any CPU
		{A8FED7E9-67AC-4A88-80DA-9A72568E3E52}.Release|x86.Build.0 = Release|Any CPU
		{6F0C5C4E-393F-4981-83E3-40C20179B3D5}.Debug|Any CPU.ActiveCfg = Debug|Any CPU
		{6F0C5C4E-393F-4981-83E3-40C20179B3D5}.Debug|Any CPU.Build.0 = Debug|Any CPU
		{6F0C5C4E-393F-4981-83E3-40C20179B3D5}.Debug|x64.ActiveCfg = Debug|Any CPU
		{6F0C5C4E-393F-4981-83E3-40C20179B3D5}.Debug|x64.Build.0 = Debug|Any CPU
		{6F0C5C4E-393F-4981-83E3-40C20179B3D5}.Debug|x86.ActiveCfg = Debug|Any CPU
		{6F0C5C4E-393F-4981-83E3-40C20179B3D5}.Debug|x86.Build.0 = Debug|Any CPU
		{6F0C5C4E-393F-4981-83E3-40C20179B3D5}.Release|Any CPU.ActiveCfg = Release|Any CPU
		{6F0C5C4E-393F-4981-83E3-40C20179B3D5}.Release|Any CPU.Build.0 = Release|Any CPU
		{6F0C5C4E-393F-4981-83E3-40C20179B3D5}.Release|x64.ActiveCfg = Release|Any CPU
		{6F0C5C4E-393F-4981-83E3-40C20179B3D5}.Release|x64.Build.0 = Release|Any CPU
		{6F0C5C4E-393F-4981-83E3-40C20179B3D5}.Release|x86.ActiveCfg = Release|Any CPU
		{6F0C5C4E-393F-4981-83E3-40C20179B3D5}.Release|x86.Build.0 = Release|Any CPU
	EndGlobalSection
	GlobalSection(SolutionProperties) = preSolution
		HideSolutionNode = FALSE
	EndGlobalSection
	GlobalSection(NestedProjects) = preSolution
		{FD24168A-534B-4C09-9639-38D8EA365831} = {827E0CD3-B72D-47B6-A68D-7590B98EB39B}
		{2CBE9394-3BB4-4610-9FB4-EC99B5D2825C} = {0AB3BF05-4346-4AA6-1389-037BE0695223}
		{CED10C72-6EA5-4677-A11B-31C6E6DDC014} = {827E0CD3-B72D-47B6-A68D-7590B98EB39B}
		{6489C751-9C82-4CC2-B29E-3C462EF2845D} = {827E0CD3-B72D-47B6-A68D-7590B98EB39B}
		{A18B8298-639C-462F-8AF5-ABB5760CA8EE} = {827E0CD3-B72D-47B6-A68D-7590B98EB39B}
		{2A3EF56C-46C5-43C9-892B-F3EA6A6B3982} = {827E0CD3-B72D-47B6-A68D-7590B98EB39B}
		{98593276-B3C0-4695-9A3B-DEEC2644C271} = {827E0CD3-B72D-47B6-A68D-7590B98EB39B}
		{A8FED7E9-67AC-4A88-80DA-9A72568E3E52} = {827E0CD3-B72D-47B6-A68D-7590B98EB39B}
		{6F0C5C4E-393F-4981-83E3-40C20179B3D5} = {827E0CD3-B72D-47B6-A68D-7590B98EB39B}
	EndGlobalSection
	GlobalSection(ExtensibilityGlobals) = postSolution
		SolutionGuid = {272BF6EB-F7D8-4B58-9CBA-B6ACEF4145F0}
	EndGlobalSection
EndGlobal
