
Microsoft Visual Studio Solution File, Format Version 12.00
# Visual Studio Version 17
VisualStudioVersion = 17.0.31903.59
MinimumVisualStudioVersion = 10.0.40219.1
Project("{FAE04EC0-301F-11D3-BF4B-00C04F79EFBC}") = "IBKR.Api.Generator", "IBKR.Api.Generator\IBKR.Api.Generator.csproj", "{A18B8298-639C-462F-8AF5-ABB5760CA8EE}"
EndProject
Project("{2150E333-8FDC-42A3-9474-1A3956D46DE8}") = "NSwag", "NSwag", "{DCAAD449-FAC1-1F38-4934-FB47B60DE213}"
EndProject
Project("{FAE04EC0-301F-11D3-BF4B-00C04F79EFBC}") = "IBKR.Api.NSwag.Contract", "NSwag\IBKR.Api.NSwag.Contract\IBKR.Api.NSwag.Contract.csproj", "{1A3BB951-1F1E-4F2A-8630-578688906B15}"
EndProject
Project("{FAE04EC0-301F-11D3-BF4B-00C04F79EFBC}") = "IBKR.Api.NSwag.Client", "NSwag\IBKR.Api.NSwag.Client\IBKR.Api.NSwag.Client.csproj", "{E378CC5F-7380-4AD6-BE4E-2FD8C46456D6}"
EndProject
Project("{FAE04EC0-301F-11D3-BF4B-00C04F79EFBC}") = "IBKR.Api.NSwag.MockClient", "NSwag\IBKR.Api.NSwag.MockClient\IBKR.Api.NSwag.MockClient.csproj", "{393A0BC3-2972-4851-ACB2-168C9FD005E0}"
EndProject
Project("{2150E333-8FDC-42A3-9474-1A3956D46DE8}") = "Kiota", "Kiota", "{1CB9A100-8281-947E-762B-738C548A2CEB}"
EndProject
Project("{FAE04EC0-301F-11D3-BF4B-00C04F79EFBC}") = "IBKR.Api.Kiota", "Kiota\IBKR.Api.Kiota\IBKR.Api.Kiota.csproj", "{3509B058-808A-44D8-BF1B-B432B5269BC8}"
EndProject
Global
	GlobalSection(SolutionConfigurationPlatforms) = preSolution
		Debug|Any CPU = Debug|Any CPU
		Debug|x64 = Debug|x64
		Debug|x86 = Debug|x86
		Release|Any CPU = Release|Any CPU
		Release|x64 = Release|x64
		Release|x86 = Release|x86
	EndGlobalSection
	GlobalSection(ProjectConfigurationPlatforms) = postSolution
		{A18B8298-639C-462F-8AF5-ABB5760CA8EE}.Debug|Any CPU.ActiveCfg = Debug|Any CPU
		{A18B8298-639C-462F-8AF5-ABB5760CA8EE}.Debug|Any CPU.Build.0 = Debug|Any CPU
		{A18B8298-639C-462F-8AF5-ABB5760CA8EE}.Debug|x64.ActiveCfg = Debug|Any CPU
		{A18B8298-639C-462F-8AF5-ABB5760CA8EE}.Debug|x64.Build.0 = Debug|Any CPU
		{A18B8298-639C-462F-8AF5-ABB5760CA8EE}.Debug|x86.ActiveCfg = Debug|Any CPU
		{A18B8298-639C-462F-8AF5-ABB5760CA8EE}.Debug|x86.Build.0 = Debug|Any CPU
		{A18B8298-639C-462F-8AF5-ABB5760CA8EE}.Release|Any CPU.ActiveCfg = Release|Any CPU
		{A18B8298-639C-462F-8AF5-ABB5760CA8EE}.Release|Any CPU.Build.0 = Release|Any CPU
		{A18B8298-639C-462F-8AF5-ABB5760CA8EE}.Release|x64.ActiveCfg = Release|Any CPU
		{A18B8298-639C-462F-8AF5-ABB5760CA8EE}.Release|x64.Build.0 = Release|Any CPU
		{A18B8298-639C-462F-8AF5-ABB5760CA8EE}.Release|x86.ActiveCfg = Release|Any CPU
		{A18B8298-639C-462F-8AF5-ABB5760CA8EE}.Release|x86.Build.0 = Release|Any CPU
		{1A3BB951-1F1E-4F2A-8630-578688906B15}.Debug|Any CPU.ActiveCfg = Debug|Any CPU
		{1A3BB951-1F1E-4F2A-8630-578688906B15}.Debug|Any CPU.Build.0 = Debug|Any CPU
		{1A3BB951-1F1E-4F2A-8630-578688906B15}.Debug|x64.ActiveCfg = Debug|Any CPU
		{1A3BB951-1F1E-4F2A-8630-578688906B15}.Debug|x64.Build.0 = Debug|Any CPU
		{1A3BB951-1F1E-4F2A-8630-578688906B15}.Debug|x86.ActiveCfg = Debug|Any CPU
		{1A3BB951-1F1E-4F2A-8630-578688906B15}.Debug|x86.Build.0 = Debug|Any CPU
		{1A3BB951-1F1E-4F2A-8630-578688906B15}.Release|Any CPU.ActiveCfg = Release|Any CPU
		{1A3BB951-1F1E-4F2A-8630-578688906B15}.Release|Any CPU.Build.0 = Release|Any CPU
		{1A3BB951-1F1E-4F2A-8630-578688906B15}.Release|x64.ActiveCfg = Release|Any CPU
		{1A3BB951-1F1E-4F2A-8630-578688906B15}.Release|x64.Build.0 = Release|Any CPU
		{1A3BB951-1F1E-4F2A-8630-578688906B15}.Release|x86.ActiveCfg = Release|Any CPU
		{1A3BB951-1F1E-4F2A-8630-578688906B15}.Release|x86.Build.0 = Release|Any CPU
		{E378CC5F-7380-4AD6-BE4E-2FD8C46456D6}.Debug|Any CPU.ActiveCfg = Debug|Any CPU
		{E378CC5F-7380-4AD6-BE4E-2FD8C46456D6}.Debug|Any CPU.Build.0 = Debug|Any CPU
		{E378CC5F-7380-4AD6-BE4E-2FD8C46456D6}.Debug|x64.ActiveCfg = Debug|Any CPU
		{E378CC5F-7380-4AD6-BE4E-2FD8C46456D6}.Debug|x64.Build.0 = Debug|Any CPU
		{E378CC5F-7380-4AD6-BE4E-2FD8C46456D6}.Debug|x86.ActiveCfg = Debug|Any CPU
		{E378CC5F-7380-4AD6-BE4E-2FD8C46456D6}.Debug|x86.Build.0 = Debug|Any CPU
		{E378CC5F-7380-4AD6-BE4E-2FD8C46456D6}.Release|Any CPU.ActiveCfg = Release|Any CPU
		{E378CC5F-7380-4AD6-BE4E-2FD8C46456D6}.Release|Any CPU.Build.0 = Release|Any CPU
		{E378CC5F-7380-4AD6-BE4E-2FD8C46456D6}.Release|x64.ActiveCfg = Release|Any CPU
		{E378CC5F-7380-4AD6-BE4E-2FD8C46456D6}.Release|x64.Build.0 = Release|Any CPU
		{E378CC5F-7380-4AD6-BE4E-2FD8C46456D6}.Release|x86.ActiveCfg = Release|Any CPU
		{E378CC5F-7380-4AD6-BE4E-2FD8C46456D6}.Release|x86.Build.0 = Release|Any CPU
		{393A0BC3-2972-4851-ACB2-168C9FD005E0}.Debug|Any CPU.ActiveCfg = Debug|Any CPU
		{393A0BC3-2972-4851-ACB2-168C9FD005E0}.Debug|Any CPU.Build.0 = Debug|Any CPU
		{393A0BC3-2972-4851-ACB2-168C9FD005E0}.Debug|x64.ActiveCfg = Debug|Any CPU
		{393A0BC3-2972-4851-ACB2-168C9FD005E0}.Debug|x64.Build.0 = Debug|Any CPU
		{393A0BC3-2972-4851-ACB2-168C9FD005E0}.Debug|x86.ActiveCfg = Debug|Any CPU
		{393A0BC3-2972-4851-ACB2-168C9FD005E0}.Debug|x86.Build.0 = Debug|Any CPU
		{393A0BC3-2972-4851-ACB2-168C9FD005E0}.Release|Any CPU.ActiveCfg = Release|Any CPU
		{393A0BC3-2972-4851-ACB2-168C9FD005E0}.Release|Any CPU.Build.0 = Release|Any CPU
		{393A0BC3-2972-4851-ACB2-168C9FD005E0}.Release|x64.ActiveCfg = Release|Any CPU
		{393A0BC3-2972-4851-ACB2-168C9FD005E0}.Release|x64.Build.0 = Release|Any CPU
		{393A0BC3-2972-4851-ACB2-168C9FD005E0}.Release|x86.ActiveCfg = Release|Any CPU
		{393A0BC3-2972-4851-ACB2-168C9FD005E0}.Release|x86.Build.0 = Release|Any CPU
		{3509B058-808A-44D8-BF1B-B432B5269BC8}.Debug|Any CPU.ActiveCfg = Debug|Any CPU
		{3509B058-808A-44D8-BF1B-B432B5269BC8}.Debug|Any CPU.Build.0 = Debug|Any CPU
		{3509B058-808A-44D8-BF1B-B432B5269BC8}.Debug|x64.ActiveCfg = Debug|Any CPU
		{3509B058-808A-44D8-BF1B-B432B5269BC8}.Debug|x64.Build.0 = Debug|Any CPU
		{3509B058-808A-44D8-BF1B-B432B5269BC8}.Debug|x86.ActiveCfg = Debug|Any CPU
		{3509B058-808A-44D8-BF1B-B432B5269BC8}.Debug|x86.Build.0 = Debug|Any CPU
		{3509B058-808A-44D8-BF1B-B432B5269BC8}.Release|Any CPU.ActiveCfg = Release|Any CPU
		{3509B058-808A-44D8-BF1B-B432B5269BC8}.Release|Any CPU.Build.0 = Release|Any CPU
		{3509B058-808A-44D8-BF1B-B432B5269BC8}.Release|x64.ActiveCfg = Release|Any CPU
		{3509B058-808A-44D8-BF1B-B432B5269BC8}.Release|x64.Build.0 = Release|Any CPU
		{3509B058-808A-44D8-BF1B-B432B5269BC8}.Release|x86.ActiveCfg = Release|Any CPU
		{3509B058-808A-44D8-BF1B-B432B5269BC8}.Release|x86.Build.0 = Release|Any CPU
	EndGlobalSection
	GlobalSection(SolutionProperties) = preSolution
		HideSolutionNode = FALSE
	EndGlobalSection
	GlobalSection(NestedProjects) = preSolution
		{1A3BB951-1F1E-4F2A-8630-578688906B15} = {DCAAD449-FAC1-1F38-4934-FB47B60DE213}
		{E378CC5F-7380-4AD6-BE4E-2FD8C46456D6} = {DCAAD449-FAC1-1F38-4934-FB47B60DE213}
		{393A0BC3-2972-4851-ACB2-168C9FD005E0} = {DCAAD449-FAC1-1F38-4934-FB47B60DE213}
		{3509B058-808A-44D8-BF1B-B432B5269BC8} = {1CB9A100-8281-947E-762B-738C548A2CEB}
	EndGlobalSection
	GlobalSection(ExtensibilityGlobals) = postSolution
		SolutionGuid = {272BF6EB-F7D8-4B58-9CBA-B6ACEF4145F0}
	EndGlobalSection
EndGlobal
