
Microsoft Visual Studio Solution File, Format Version 12.00
# Visual Studio Version 17
VisualStudioVersion = 17.0.31903.59
MinimumVisualStudioVersion = 10.0.40219.1
Project("{FAE04EC0-301F-11D3-BF4B-00C04F79EFBC}") = "IBKR.Api.Generator", "IBKR.Api.Generator\IBKR.Api.Generator.csproj", "{A18B8298-639C-462F-8AF5-ABB5760CA8EE}"
EndProject
Project("{FAE04EC0-301F-11D3-BF4B-00C04F79EFBC}") = "IBKR.Api.TestScaffold", "IBKR.Api.TestScaffold\IBKR.Api.TestScaffold.csproj", "{32DBC49E-CC2B-4C68-A04D-A2026CF8A9D9}"
EndProject
Project("{2150E333-8FDC-42A3-9474-1A3956D46DE8}") = "Kiota", "Kiota", "{13C8EB42-5C3F-C663-E524-30EAA0966C5C}"
EndProject
Project("{FAE04EC0-301F-11D3-BF4B-00C04F79EFBC}") = "IBKR.Api.Kiota.Contract", "Kiota\IBKR.Api.Kiota.Contract\IBKR.Api.Kiota.Contract.csproj", "{C13DC651-11CD-4062-B20E-1D06BC4F4A7A}"
EndProject
Project("{FAE04EC0-301F-11D3-BF4B-00C04F79EFBC}") = "IBKR.Api.Kiota.Client", "Kiota\IBKR.Api.Kiota.Client\IBKR.Api.Kiota.Client.csproj", "{BD79CFA6-A2CA-45B9-BBA7-6A9188D75FA8}"
EndProject
Project("{2150E333-8FDC-42A3-9474-1A3956D46DE8}") = "NSwag", "NSwag", "{9A5D11C3-FDE6-8BCC-ECB6-766A15725461}"
EndProject
Project("{FAE04EC0-301F-11D3-BF4B-00C04F79EFBC}") = "IBKR.Api.NSwag.Contract", "NSwag\IBKR.Api.NSwag.Contract\IBKR.Api.NSwag.Contract.csproj", "{E91565C4-5F6E-4AE3-B346-4A739EC09BCE}"
EndProject
Project("{FAE04EC0-301F-11D3-BF4B-00C04F79EFBC}") = "IBKR.Api.NSwag.Client", "NSwag\IBKR.Api.NSwag.Client\IBKR.Api.NSwag.Client.csproj", "{97BD1ED1-BC44-4245-8712-710AC69CF96F}"
EndProject
Project("{FAE04EC0-301F-11D3-BF4B-00C04F79EFBC}") = "IBKR.Api.NSwag.MockClient", "NSwag\IBKR.Api.NSwag.MockClient\IBKR.Api.NSwag.MockClient.csproj", "{C8345B7D-61FF-4436-9543-0C6AB851915C}"
EndProject
Project("{FAE04EC0-301F-11D3-BF4B-00C04F79EFBC}") = "IBKR.Api.NSwag.Tests", "NSwag\IBKR.Api.NSwag.Tests\IBKR.Api.NSwag.Tests.csproj", "{931B8D63-691F-46C8-8F43-D29005CB8EC6}"
EndProject
Project("{FAE04EC0-301F-11D3-BF4B-00C04F79EFBC}") = "IBKR.Api.Kiota.MockClient", "Kiota\IBKR.Api.Kiota.MockClient\IBKR.Api.Kiota.MockClient.csproj", "{C993D70D-0030-4750-B874-0E2A44701AA4}"
EndProject
Project("{FAE04EC0-301F-11D3-BF4B-00C04F79EFBC}") = "IBKR.Api.Kiota.Tests", "Kiota\IBKR.Api.Kiota.Tests\IBKR.Api.Kiota.Tests.csproj", "{D34C0A1C-215E-4B1D-B90E-F7D0347FDADF}"
EndProject
Global
	GlobalSection(SolutionConfigurationPlatforms) = preSolution
		Debug|Any CPU = Debug|Any CPU
		Debug|x64 = Debug|x64
		Debug|x86 = Debug|x86
		Release|Any CPU = Release|Any CPU
		Release|x64 = Release|x64
		Release|x86 = Release|x86
	EndGlobalSection
	GlobalSection(ProjectConfigurationPlatforms) = postSolution
		{A18B8298-639C-462F-8AF5-ABB5760CA8EE}.Debug|Any CPU.ActiveCfg = Debug|Any CPU
		{A18B8298-639C-462F-8AF5-ABB5760CA8EE}.Debug|Any CPU.Build.0 = Debug|Any CPU
		{A18B8298-639C-462F-8AF5-ABB5760CA8EE}.Debug|x64.ActiveCfg = Debug|Any CPU
		{A18B8298-639C-462F-8AF5-ABB5760CA8EE}.Debug|x64.Build.0 = Debug|Any CPU
		{A18B8298-639C-462F-8AF5-ABB5760CA8EE}.Debug|x86.ActiveCfg = Debug|Any CPU
		{A18B8298-639C-462F-8AF5-ABB5760CA8EE}.Debug|x86.Build.0 = Debug|Any CPU
		{A18B8298-639C-462F-8AF5-ABB5760CA8EE}.Release|Any CPU.ActiveCfg = Release|Any CPU
		{A18B8298-639C-462F-8AF5-ABB5760CA8EE}.Release|Any CPU.Build.0 = Release|Any CPU
		{A18B8298-639C-462F-8AF5-ABB5760CA8EE}.Release|x64.ActiveCfg = Release|Any CPU
		{A18B8298-639C-462F-8AF5-ABB5760CA8EE}.Release|x64.Build.0 = Release|Any CPU
		{A18B8298-639C-462F-8AF5-ABB5760CA8EE}.Release|x86.ActiveCfg = Release|Any CPU
		{A18B8298-639C-462F-8AF5-ABB5760CA8EE}.Release|x86.Build.0 = Release|Any CPU
		{32DBC49E-CC2B-4C68-A04D-A2026CF8A9D9}.Debug|Any CPU.ActiveCfg = Debug|Any CPU
		{32DBC49E-CC2B-4C68-A04D-A2026CF8A9D9}.Debug|Any CPU.Build.0 = Debug|Any CPU
		{32DBC49E-CC2B-4C68-A04D-A2026CF8A9D9}.Debug|x64.ActiveCfg = Debug|Any CPU
		{32DBC49E-CC2B-4C68-A04D-A2026CF8A9D9}.Debug|x64.Build.0 = Debug|Any CPU
		{32DBC49E-CC2B-4C68-A04D-A2026CF8A9D9}.Debug|x86.ActiveCfg = Debug|Any CPU
		{32DBC49E-CC2B-4C68-A04D-A2026CF8A9D9}.Debug|x86.Build.0 = Debug|Any CPU
		{32DBC49E-CC2B-4C68-A04D-A2026CF8A9D9}.Release|Any CPU.ActiveCfg = Release|Any CPU
		{32DBC49E-CC2B-4C68-A04D-A2026CF8A9D9}.Release|Any CPU.Build.0 = Release|Any CPU
		{32DBC49E-CC2B-4C68-A04D-A2026CF8A9D9}.Release|x64.ActiveCfg = Release|Any CPU
		{32DBC49E-CC2B-4C68-A04D-A2026CF8A9D9}.Release|x64.Build.0 = Release|Any CPU
		{32DBC49E-CC2B-4C68-A04D-A2026CF8A9D9}.Release|x86.ActiveCfg = Release|Any CPU
		{32DBC49E-CC2B-4C68-A04D-A2026CF8A9D9}.Release|x86.Build.0 = Release|Any CPU
		{C13DC651-11CD-4062-B20E-1D06BC4F4A7A}.Debug|Any CPU.ActiveCfg = Debug|Any CPU
		{C13DC651-11CD-4062-B20E-1D06BC4F4A7A}.Debug|Any CPU.Build.0 = Debug|Any CPU
		{C13DC651-11CD-4062-B20E-1D06BC4F4A7A}.Debug|x64.ActiveCfg = Debug|Any CPU
		{C13DC651-11CD-4062-B20E-1D06BC4F4A7A}.Debug|x64.Build.0 = Debug|Any CPU
		{C13DC651-11CD-4062-B20E-1D06BC4F4A7A}.Debug|x86.ActiveCfg = Debug|Any CPU
		{C13DC651-11CD-4062-B20E-1D06BC4F4A7A}.Debug|x86.Build.0 = Debug|Any CPU
		{C13DC651-11CD-4062-B20E-1D06BC4F4A7A}.Release|Any CPU.ActiveCfg = Release|Any CPU
		{C13DC651-11CD-4062-B20E-1D06BC4F4A7A}.Release|Any CPU.Build.0 = Release|Any CPU
		{C13DC651-11CD-4062-B20E-1D06BC4F4A7A}.Release|x64.ActiveCfg = Release|Any CPU
		{C13DC651-11CD-4062-B20E-1D06BC4F4A7A}.Release|x64.Build.0 = Release|Any CPU
		{C13DC651-11CD-4062-B20E-1D06BC4F4A7A}.Release|x86.ActiveCfg = Release|Any CPU
		{C13DC651-11CD-4062-B20E-1D06BC4F4A7A}.Release|x86.Build.0 = Release|Any CPU
		{BD79CFA6-A2CA-45B9-BBA7-6A9188D75FA8}.Debug|Any CPU.ActiveCfg = Debug|Any CPU
		{BD79CFA6-A2CA-45B9-BBA7-6A9188D75FA8}.Debug|Any CPU.Build.0 = Debug|Any CPU
		{BD79CFA6-A2CA-45B9-BBA7-6A9188D75FA8}.Debug|x64.ActiveCfg = Debug|Any CPU
		{BD79CFA6-A2CA-45B9-BBA7-6A9188D75FA8}.Debug|x64.Build.0 = Debug|Any CPU
		{BD79CFA6-A2CA-45B9-BBA7-6A9188D75FA8}.Debug|x86.ActiveCfg = Debug|Any CPU
		{BD79CFA6-A2CA-45B9-BBA7-6A9188D75FA8}.Debug|x86.Build.0 = Debug|Any CPU
		{BD79CFA6-A2CA-45B9-BBA7-6A9188D75FA8}.Release|Any CPU.ActiveCfg = Release|Any CPU
		{BD79CFA6-A2CA-45B9-BBA7-6A9188D75FA8}.Release|Any CPU.Build.0 = Release|Any CPU
		{BD79CFA6-A2CA-45B9-BBA7-6A9188D75FA8}.Release|x64.ActiveCfg = Release|Any CPU
		{BD79CFA6-A2CA-45B9-BBA7-6A9188D75FA8}.Release|x64.Build.0 = Release|Any CPU
		{BD79CFA6-A2CA-45B9-BBA7-6A9188D75FA8}.Release|x86.ActiveCfg = Release|Any CPU
		{BD79CFA6-A2CA-45B9-BBA7-6A9188D75FA8}.Release|x86.Build.0 = Release|Any CPU
		{E91565C4-5F6E-4AE3-B346-4A739EC09BCE}.Debug|Any CPU.ActiveCfg = Debug|Any CPU
		{E91565C4-5F6E-4AE3-B346-4A739EC09BCE}.Debug|Any CPU.Build.0 = Debug|Any CPU
		{E91565C4-5F6E-4AE3-B346-4A739EC09BCE}.Debug|x64.ActiveCfg = Debug|Any CPU
		{E91565C4-5F6E-4AE3-B346-4A739EC09BCE}.Debug|x64.Build.0 = Debug|Any CPU
		{E91565C4-5F6E-4AE3-B346-4A739EC09BCE}.Debug|x86.ActiveCfg = Debug|Any CPU
		{E91565C4-5F6E-4AE3-B346-4A739EC09BCE}.Debug|x86.Build.0 = Debug|Any CPU
		{E91565C4-5F6E-4AE3-B346-4A739EC09BCE}.Release|Any CPU.ActiveCfg = Release|Any CPU
		{E91565C4-5F6E-4AE3-B346-4A739EC09BCE}.Release|Any CPU.Build.0 = Release|Any CPU
		{E91565C4-5F6E-4AE3-B346-4A739EC09BCE}.Release|x64.ActiveCfg = Release|Any CPU
		{E91565C4-5F6E-4AE3-B346-4A739EC09BCE}.Release|x64.Build.0 = Release|Any CPU
		{E91565C4-5F6E-4AE3-B346-4A739EC09BCE}.Release|x86.ActiveCfg = Release|Any CPU
		{E91565C4-5F6E-4AE3-B346-4A739EC09BCE}.Release|x86.Build.0 = Release|Any CPU
		{97BD1ED1-BC44-4245-8712-710AC69CF96F}.Debug|Any CPU.ActiveCfg = Debug|Any CPU
		{97BD1ED1-BC44-4245-8712-710AC69CF96F}.Debug|Any CPU.Build.0 = Debug|Any CPU
		{97BD1ED1-BC44-4245-8712-710AC69CF96F}.Debug|x64.ActiveCfg = Debug|Any CPU
		{97BD1ED1-BC44-4245-8712-710AC69CF96F}.Debug|x64.Build.0 = Debug|Any CPU
		{97BD1ED1-BC44-4245-8712-710AC69CF96F}.Debug|x86.ActiveCfg = Debug|Any CPU
		{97BD1ED1-BC44-4245-8712-710AC69CF96F}.Debug|x86.Build.0 = Debug|Any CPU
		{97BD1ED1-BC44-4245-8712-710AC69CF96F}.Release|Any CPU.ActiveCfg = Release|Any CPU
		{97BD1ED1-BC44-4245-8712-710AC69CF96F}.Release|Any CPU.Build.0 = Release|Any CPU
		{97BD1ED1-BC44-4245-8712-710AC69CF96F}.Release|x64.ActiveCfg = Release|Any CPU
		{97BD1ED1-BC44-4245-8712-710AC69CF96F}.Release|x64.Build.0 = Release|Any CPU
		{97BD1ED1-BC44-4245-8712-710AC69CF96F}.Release|x86.ActiveCfg = Release|Any CPU
		{97BD1ED1-BC44-4245-8712-710AC69CF96F}.Release|x86.Build.0 = Release|Any CPU
		{C8345B7D-61FF-4436-9543-0C6AB851915C}.Debug|Any CPU.ActiveCfg = Debug|Any CPU
		{C8345B7D-61FF-4436-9543-0C6AB851915C}.Debug|Any CPU.Build.0 = Debug|Any CPU
		{C8345B7D-61FF-4436-9543-0C6AB851915C}.Debug|x64.ActiveCfg = Debug|Any CPU
		{C8345B7D-61FF-4436-9543-0C6AB851915C}.Debug|x64.Build.0 = Debug|Any CPU
		{C8345B7D-61FF-4436-9543-0C6AB851915C}.Debug|x86.ActiveCfg = Debug|Any CPU
		{C8345B7D-61FF-4436-9543-0C6AB851915C}.Debug|x86.Build.0 = Debug|Any CPU
		{C8345B7D-61FF-4436-9543-0C6AB851915C}.Release|Any CPU.ActiveCfg = Release|Any CPU
		{C8345B7D-61FF-4436-9543-0C6AB851915C}.Release|Any CPU.Build.0 = Release|Any CPU
		{C8345B7D-61FF-4436-9543-0C6AB851915C}.Release|x64.ActiveCfg = Release|Any CPU
		{C8345B7D-61FF-4436-9543-0C6AB851915C}.Release|x64.Build.0 = Release|Any CPU
		{C8345B7D-61FF-4436-9543-0C6AB851915C}.Release|x86.ActiveCfg = Release|Any CPU
		{C8345B7D-61FF-4436-9543-0C6AB851915C}.Release|x86.Build.0 = Release|Any CPU
		{931B8D63-691F-46C8-8F43-D29005CB8EC6}.Debug|Any CPU.ActiveCfg = Debug|Any CPU
		{931B8D63-691F-46C8-8F43-D29005CB8EC6}.Debug|Any CPU.Build.0 = Debug|Any CPU
		{931B8D63-691F-46C8-8F43-D29005CB8EC6}.Debug|x64.ActiveCfg = Debug|Any CPU
		{931B8D63-691F-46C8-8F43-D29005CB8EC6}.Debug|x64.Build.0 = Debug|Any CPU
		{931B8D63-691F-46C8-8F43-D29005CB8EC6}.Debug|x86.ActiveCfg = Debug|Any CPU
		{931B8D63-691F-46C8-8F43-D29005CB8EC6}.Debug|x86.Build.0 = Debug|Any CPU
		{931B8D63-691F-46C8-8F43-D29005CB8EC6}.Release|Any CPU.ActiveCfg = Release|Any CPU
		{931B8D63-691F-46C8-8F43-D29005CB8EC6}.Release|Any CPU.Build.0 = Release|Any CPU
		{931B8D63-691F-46C8-8F43-D29005CB8EC6}.Release|x64.ActiveCfg = Release|Any CPU
		{931B8D63-691F-46C8-8F43-D29005CB8EC6}.Release|x64.Build.0 = Release|Any CPU
		{931B8D63-691F-46C8-8F43-D29005CB8EC6}.Release|x86.ActiveCfg = Release|Any CPU
		{931B8D63-691F-46C8-8F43-D29005CB8EC6}.Release|x86.Build.0 = Release|Any CPU
		{C993D70D-0030-4750-B874-0E2A44701AA4}.Debug|Any CPU.ActiveCfg = Debug|Any CPU
		{C993D70D-0030-4750-B874-0E2A44701AA4}.Debug|Any CPU.Build.0 = Debug|Any CPU
		{C993D70D-0030-4750-B874-0E2A44701AA4}.Debug|x64.ActiveCfg = Debug|Any CPU
		{C993D70D-0030-4750-B874-0E2A44701AA4}.Debug|x64.Build.0 = Debug|Any CPU
		{C993D70D-0030-4750-B874-0E2A44701AA4}.Debug|x86.ActiveCfg = Debug|Any CPU
		{C993D70D-0030-4750-B874-0E2A44701AA4}.Debug|x86.Build.0 = Debug|Any CPU
		{C993D70D-0030-4750-B874-0E2A44701AA4}.Release|Any CPU.ActiveCfg = Release|Any CPU
		{C993D70D-0030-4750-B874-0E2A44701AA4}.Release|Any CPU.Build.0 = Release|Any CPU
		{C993D70D-0030-4750-B874-0E2A44701AA4}.Release|x64.ActiveCfg = Release|Any CPU
		{C993D70D-0030-4750-B874-0E2A44701AA4}.Release|x64.Build.0 = Release|Any CPU
		{C993D70D-0030-4750-B874-0E2A44701AA4}.Release|x86.ActiveCfg = Release|Any CPU
		{C993D70D-0030-4750-B874-0E2A44701AA4}.Release|x86.Build.0 = Release|Any CPU
		{D34C0A1C-215E-4B1D-B90E-F7D0347FDADF}.Debug|Any CPU.ActiveCfg = Debug|Any CPU
		{D34C0A1C-215E-4B1D-B90E-F7D0347FDADF}.Debug|Any CPU.Build.0 = Debug|Any CPU
		{D34C0A1C-215E-4B1D-B90E-F7D0347FDADF}.Debug|x64.ActiveCfg = Debug|Any CPU
		{D34C0A1C-215E-4B1D-B90E-F7D0347FDADF}.Debug|x64.Build.0 = Debug|Any CPU
		{D34C0A1C-215E-4B1D-B90E-F7D0347FDADF}.Debug|x86.ActiveCfg = Debug|Any CPU
		{D34C0A1C-215E-4B1D-B90E-F7D0347FDADF}.Debug|x86.Build.0 = Debug|Any CPU
		{D34C0A1C-215E-4B1D-B90E-F7D0347FDADF}.Release|Any CPU.ActiveCfg = Release|Any CPU
		{D34C0A1C-215E-4B1D-B90E-F7D0347FDADF}.Release|Any CPU.Build.0 = Release|Any CPU
		{D34C0A1C-215E-4B1D-B90E-F7D0347FDADF}.Release|x64.ActiveCfg = Release|Any CPU
		{D34C0A1C-215E-4B1D-B90E-F7D0347FDADF}.Release|x64.Build.0 = Release|Any CPU
		{D34C0A1C-215E-4B1D-B90E-F7D0347FDADF}.Release|x86.ActiveCfg = Release|Any CPU
		{D34C0A1C-215E-4B1D-B90E-F7D0347FDADF}.Release|x86.Build.0 = Release|Any CPU
	EndGlobalSection
	GlobalSection(SolutionProperties) = preSolution
		HideSolutionNode = FALSE
	EndGlobalSection
	GlobalSection(NestedProjects) = preSolution
		{C13DC651-11CD-4062-B20E-1D06BC4F4A7A} = {13C8EB42-5C3F-C663-E524-30EAA0966C5C}
		{BD79CFA6-A2CA-45B9-BBA7-6A9188D75FA8} = {13C8EB42-5C3F-C663-E524-30EAA0966C5C}
		{E91565C4-5F6E-4AE3-B346-4A739EC09BCE} = {9A5D11C3-FDE6-8BCC-ECB6-766A15725461}
		{97BD1ED1-BC44-4245-8712-710AC69CF96F} = {9A5D11C3-FDE6-8BCC-ECB6-766A15725461}
		{C8345B7D-61FF-4436-9543-0C6AB851915C} = {9A5D11C3-FDE6-8BCC-ECB6-766A15725461}
		{931B8D63-691F-46C8-8F43-D29005CB8EC6} = {9A5D11C3-FDE6-8BCC-ECB6-766A15725461}
		{C993D70D-0030-4750-B874-0E2A44701AA4} = {13C8EB42-5C3F-C663-E524-30EAA0966C5C}
		{D34C0A1C-215E-4B1D-B90E-F7D0347FDADF} = {13C8EB42-5C3F-C663-E524-30EAA0966C5C}
	EndGlobalSection
	GlobalSection(ExtensibilityGlobals) = postSolution
		SolutionGuid = {272BF6EB-F7D8-4B58-9CBA-B6ACEF4145F0}
	EndGlobalSection
EndGlobal
