
Microsoft Visual Studio Solution File, Format Version 12.00
# Visual Studio Version 17
VisualStudioVersion = 17.0.31903.59
MinimumVisualStudioVersion = 10.0.40219.1
Project("{FAE04EC0-301F-11D3-BF4B-00C04F79EFBC}") = "IBKR.Api.Generator", "IBKR.Api.Generator\IBKR.Api.Generator.csproj", "{A18B8298-639C-462F-8AF5-ABB5760CA8EE}"
EndProject
Project("{2150E333-8FDC-42A3-9474-1A3956D46DE8}") = "Kiota", "Kiota", "{13C8EB42-5C3F-C663-E524-30EAA0966C5C}"
EndProject
Project("{FAE04EC0-301F-11D3-BF4B-00C04F79EFBC}") = "IBKR.Api.Kiota.Contract", "Kiota\IBKR.Api.Kiota.Contract\IBKR.Api.Kiota.Contract.csproj", "{C13DC651-11CD-4062-B20E-1D06BC4F4A7A}"
EndProject
Project("{FAE04EC0-301F-11D3-BF4B-00C04F79EFBC}") = "IBKR.Api.Kiota.Client", "Kiota\IBKR.Api.Kiota.Client\IBKR.Api.Kiota.Client.csproj", "{BD79CFA6-A2CA-45B9-BBA7-6A9188D75FA8}"
EndProject
Project("{2150E333-8FDC-42A3-9474-1A3956D46DE8}") = "NSwag", "NSwag", "{9A5D11C3-FDE6-8BCC-ECB6-766A15725461}"
EndProject
Project("{FAE04EC0-301F-11D3-BF4B-00C04F79EFBC}") = "IBKR.Api.NSwag.Tests", "NSwag\IBKR.Api.NSwag.Tests\IBKR.Api.NSwag.Tests.csproj", "{931B8D63-691F-46C8-8F43-D29005CB8EC6}"
EndProject
Project("{FAE04EC0-301F-11D3-BF4B-00C04F79EFBC}") = "IBKR.Api.NSwag.Authentication", "NSwag\IBKR.Api.NSwag.Authentication\IBKR.Api.NSwag.Authentication.csproj", "{00B1BD26-935D-47DB-9AD5-30DB25BBB299}"
EndProject
Project("{FAE04EC0-301F-11D3-BF4B-00C04F79EFBC}") = "IBKR.Api.Kiota.Authentication", "Kiota\IBKR.Api.Kiota.Authentication\IBKR.Api.Kiota.Authentication.csproj", "{D9224EE4-3707-4715-9B8E-18AC8F92D88E}"
EndProject
Project("{FAE04EC0-301F-11D3-BF4B-00C04F79EFBC}") = "IBKR.Api.Kiota.Tests", "Kiota\IBKR.Api.Kiota.Tests\IBKR.Api.Kiota.Tests.csproj", "{159D7A0B-DBB2-408F-AEE7-887E51317165}"
EndProject
Project("{FAE04EC0-301F-11D3-BF4B-00C04F79EFBC}") = "IBKR.Api.NSwag.Contract", "NSwag\IBKR.Api.NSwag.Contract\IBKR.Api.NSwag.Contract.csproj", "{9046FFF4-B878-48A8-9724-F0BADCE23B99}"
EndProject
Project("{FAE04EC0-301F-11D3-BF4B-00C04F79EFBC}") = "IBKR.Api.NSwag.Client", "NSwag\IBKR.Api.NSwag.Client\IBKR.Api.NSwag.Client.csproj", "{B6AF2E72-3932-4E63-BCFB-17B1ACB19F91}"
EndProject
Project("{FAE04EC0-301F-11D3-BF4B-00C04F79EFBC}") = "IBKR.Sdk.Contract", "IBKR.Sdk.Contract\IBKR.Sdk.Contract.csproj", "{8A31CB0D-3529-4D94-B676-98D3EFB68833}"
EndProject
Project("{FAE04EC0-301F-11D3-BF4B-00C04F79EFBC}") = "IBKR.Sdk.Client", "IBKR.Sdk.Client\IBKR.Sdk.Client.csproj", "{D7C32CF2-5865-4150-89E8-CD7E47967F3E}"
EndProject
Project("{FAE04EC0-301F-11D3-BF4B-00C04F79EFBC}") = "IBKR.Sdk.Tests", "IBKR.Sdk.Tests\IBKR.Sdk.Tests.csproj", "{B426C184-169B-4D37-A17A-5E9FCEF445BE}"
EndProject
Project("{FAE04EC0-301F-11D3-BF4B-00C04F79EFBC}") = "IBKR.Api.Authentication", "IBKR.Api.Authentication\IBKR.Api.Authentication.csproj", "{FCD73FD5-C18F-4533-882C-FE446F6A18C4}"
EndProject
Project("{FAE04EC0-301F-11D3-BF4B-00C04F79EFBC}") = "IBKR.Api.Testing", "IBKR.Api.Testing\IBKR.Api.Testing.csproj", "{E7367CE9-A4F8-43B5-B5C5-ACCF5A4CCFD5}"
EndProject
Global
	GlobalSection(SolutionConfigurationPlatforms) = preSolution
		Debug|Any CPU = Debug|Any CPU
		Debug|x64 = Debug|x64
		Debug|x86 = Debug|x86
		Release|Any CPU = Release|Any CPU
		Release|x64 = Release|x64
		Release|x86 = Release|x86
	EndGlobalSection
	GlobalSection(ProjectConfigurationPlatforms) = postSolution
		{A18B8298-639C-462F-8AF5-ABB5760CA8EE}.Debug|Any CPU.ActiveCfg = Debug|Any CPU
		{A18B8298-639C-462F-8AF5-ABB5760CA8EE}.Debug|Any CPU.Build.0 = Debug|Any CPU
		{A18B8298-639C-462F-8AF5-ABB5760CA8EE}.Debug|x64.ActiveCfg = Debug|Any CPU
		{A18B8298-639C-462F-8AF5-ABB5760CA8EE}.Debug|x64.Build.0 = Debug|Any CPU
		{A18B8298-639C-462F-8AF5-ABB5760CA8EE}.Debug|x86.ActiveCfg = Debug|Any CPU
		{A18B8298-639C-462F-8AF5-ABB5760CA8EE}.Debug|x86.Build.0 = Debug|Any CPU
		{A18B8298-639C-462F-8AF5-ABB5760CA8EE}.Release|Any CPU.ActiveCfg = Release|Any CPU
		{A18B8298-639C-462F-8AF5-ABB5760CA8EE}.Release|Any CPU.Build.0 = Release|Any CPU
		{A18B8298-639C-462F-8AF5-ABB5760CA8EE}.Release|x64.ActiveCfg = Release|Any CPU
		{A18B8298-639C-462F-8AF5-ABB5760CA8EE}.Release|x64.Build.0 = Release|Any CPU
		{A18B8298-639C-462F-8AF5-ABB5760CA8EE}.Release|x86.ActiveCfg = Release|Any CPU
		{A18B8298-639C-462F-8AF5-ABB5760CA8EE}.Release|x86.Build.0 = Release|Any CPU
		{C13DC651-11CD-4062-B20E-1D06BC4F4A7A}.Debug|Any CPU.ActiveCfg = Debug|Any CPU
		{C13DC651-11CD-4062-B20E-1D06BC4F4A7A}.Debug|Any CPU.Build.0 = Debug|Any CPU
		{C13DC651-11CD-4062-B20E-1D06BC4F4A7A}.Debug|x64.ActiveCfg = Debug|Any CPU
		{C13DC651-11CD-4062-B20E-1D06BC4F4A7A}.Debug|x64.Build.0 = Debug|Any CPU
		{C13DC651-11CD-4062-B20E-1D06BC4F4A7A}.Debug|x86.ActiveCfg = Debug|Any CPU
		{C13DC651-11CD-4062-B20E-1D06BC4F4A7A}.Debug|x86.Build.0 = Debug|Any CPU
		{C13DC651-11CD-4062-B20E-1D06BC4F4A7A}.Release|Any CPU.ActiveCfg = Release|Any CPU
		{C13DC651-11CD-4062-B20E-1D06BC4F4A7A}.Release|Any CPU.Build.0 = Release|Any CPU
		{C13DC651-11CD-4062-B20E-1D06BC4F4A7A}.Release|x64.ActiveCfg = Release|Any CPU
		{C13DC651-11CD-4062-B20E-1D06BC4F4A7A}.Release|x64.Build.0 = Release|Any CPU
		{C13DC651-11CD-4062-B20E-1D06BC4F4A7A}.Release|x86.ActiveCfg = Release|Any CPU
		{C13DC651-11CD-4062-B20E-1D06BC4F4A7A}.Release|x86.Build.0 = Release|Any CPU
		{BD79CFA6-A2CA-45B9-BBA7-6A9188D75FA8}.Debug|Any CPU.ActiveCfg = Debug|Any CPU
		{BD79CFA6-A2CA-45B9-BBA7-6A9188D75FA8}.Debug|Any CPU.Build.0 = Debug|Any CPU
		{BD79CFA6-A2CA-45B9-BBA7-6A9188D75FA8}.Debug|x64.ActiveCfg = Debug|Any CPU
		{BD79CFA6-A2CA-45B9-BBA7-6A9188D75FA8}.Debug|x64.Build.0 = Debug|Any CPU
		{BD79CFA6-A2CA-45B9-BBA7-6A9188D75FA8}.Debug|x86.ActiveCfg = Debug|Any CPU
		{BD79CFA6-A2CA-45B9-BBA7-6A9188D75FA8}.Debug|x86.Build.0 = Debug|Any CPU
		{BD79CFA6-A2CA-45B9-BBA7-6A9188D75FA8}.Release|Any CPU.ActiveCfg = Release|Any CPU
		{BD79CFA6-A2CA-45B9-BBA7-6A9188D75FA8}.Release|Any CPU.Build.0 = Release|Any CPU
		{BD79CFA6-A2CA-45B9-BBA7-6A9188D75FA8}.Release|x64.ActiveCfg = Release|Any CPU
		{BD79CFA6-A2CA-45B9-BBA7-6A9188D75FA8}.Release|x64.Build.0 = Release|Any CPU
		{BD79CFA6-A2CA-45B9-BBA7-6A9188D75FA8}.Release|x86.ActiveCfg = Release|Any CPU
		{BD79CFA6-A2CA-45B9-BBA7-6A9188D75FA8}.Release|x86.Build.0 = Release|Any CPU
		{931B8D63-691F-46C8-8F43-D29005CB8EC6}.Debug|Any CPU.ActiveCfg = Debug|Any CPU
		{931B8D63-691F-46C8-8F43-D29005CB8EC6}.Debug|Any CPU.Build.0 = Debug|Any CPU
		{931B8D63-691F-46C8-8F43-D29005CB8EC6}.Debug|x64.ActiveCfg = Debug|Any CPU
		{931B8D63-691F-46C8-8F43-D29005CB8EC6}.Debug|x64.Build.0 = Debug|Any CPU
		{931B8D63-691F-46C8-8F43-D29005CB8EC6}.Debug|x86.ActiveCfg = Debug|Any CPU
		{931B8D63-691F-46C8-8F43-D29005CB8EC6}.Debug|x86.Build.0 = Debug|Any CPU
		{931B8D63-691F-46C8-8F43-D29005CB8EC6}.Release|Any CPU.ActiveCfg = Release|Any CPU
		{931B8D63-691F-46C8-8F43-D29005CB8EC6}.Release|Any CPU.Build.0 = Release|Any CPU
		{931B8D63-691F-46C8-8F43-D29005CB8EC6}.Release|x64.ActiveCfg = Release|Any CPU
		{931B8D63-691F-46C8-8F43-D29005CB8EC6}.Release|x64.Build.0 = Release|Any CPU
		{931B8D63-691F-46C8-8F43-D29005CB8EC6}.Release|x86.ActiveCfg = Release|Any CPU
		{931B8D63-691F-46C8-8F43-D29005CB8EC6}.Release|x86.Build.0 = Release|Any CPU
		{00B1BD26-935D-47DB-9AD5-30DB25BBB299}.Debug|Any CPU.ActiveCfg = Debug|Any CPU
		{00B1BD26-935D-47DB-9AD5-30DB25BBB299}.Debug|Any CPU.Build.0 = Debug|Any CPU
		{00B1BD26-935D-47DB-9AD5-30DB25BBB299}.Debug|x64.ActiveCfg = Debug|Any CPU
		{00B1BD26-935D-47DB-9AD5-30DB25BBB299}.Debug|x64.Build.0 = Debug|Any CPU
		{00B1BD26-935D-47DB-9AD5-30DB25BBB299}.Debug|x86.ActiveCfg = Debug|Any CPU
		{00B1BD26-935D-47DB-9AD5-30DB25BBB299}.Debug|x86.Build.0 = Debug|Any CPU
		{00B1BD26-935D-47DB-9AD5-30DB25BBB299}.Release|Any CPU.ActiveCfg = Release|Any CPU
		{00B1BD26-935D-47DB-9AD5-30DB25BBB299}.Release|Any CPU.Build.0 = Release|Any CPU
		{00B1BD26-935D-47DB-9AD5-30DB25BBB299}.Release|x64.ActiveCfg = Release|Any CPU
		{00B1BD26-935D-47DB-9AD5-30DB25BBB299}.Release|x64.Build.0 = Release|Any CPU
		{00B1BD26-935D-47DB-9AD5-30DB25BBB299}.Release|x86.ActiveCfg = Release|Any CPU
		{00B1BD26-935D-47DB-9AD5-30DB25BBB299}.Release|x86.Build.0 = Release|Any CPU
		{D9224EE4-3707-4715-9B8E-18AC8F92D88E}.Debug|Any CPU.ActiveCfg = Debug|Any CPU
		{D9224EE4-3707-4715-9B8E-18AC8F92D88E}.Debug|Any CPU.Build.0 = Debug|Any CPU
		{D9224EE4-3707-4715-9B8E-18AC8F92D88E}.Debug|x64.ActiveCfg = Debug|Any CPU
		{D9224EE4-3707-4715-9B8E-18AC8F92D88E}.Debug|x64.Build.0 = Debug|Any CPU
		{D9224EE4-3707-4715-9B8E-18AC8F92D88E}.Debug|x86.ActiveCfg = Debug|Any CPU
		{D9224EE4-3707-4715-9B8E-18AC8F92D88E}.Debug|x86.Build.0 = Debug|Any CPU
		{D9224EE4-3707-4715-9B8E-18AC8F92D88E}.Release|Any CPU.ActiveCfg = Release|Any CPU
		{D9224EE4-3707-4715-9B8E-18AC8F92D88E}.Release|Any CPU.Build.0 = Release|Any CPU
		{D9224EE4-3707-4715-9B8E-18AC8F92D88E}.Release|x64.ActiveCfg = Release|Any CPU
		{D9224EE4-3707-4715-9B8E-18AC8F92D88E}.Release|x64.Build.0 = Release|Any CPU
		{D9224EE4-3707-4715-9B8E-18AC8F92D88E}.Release|x86.ActiveCfg = Release|Any CPU
		{D9224EE4-3707-4715-9B8E-18AC8F92D88E}.Release|x86.Build.0 = Release|Any CPU
		{159D7A0B-DBB2-408F-AEE7-887E51317165}.Debug|Any CPU.ActiveCfg = Debug|Any CPU
		{159D7A0B-DBB2-408F-AEE7-887E51317165}.Debug|Any CPU.Build.0 = Debug|Any CPU
		{159D7A0B-DBB2-408F-AEE7-887E51317165}.Debug|x64.ActiveCfg = Debug|Any CPU
		{159D7A0B-DBB2-408F-AEE7-887E51317165}.Debug|x64.Build.0 = Debug|Any CPU
		{159D7A0B-DBB2-408F-AEE7-887E51317165}.Debug|x86.ActiveCfg = Debug|Any CPU
		{159D7A0B-DBB2-408F-AEE7-887E51317165}.Debug|x86.Build.0 = Debug|Any CPU
		{159D7A0B-DBB2-408F-AEE7-887E51317165}.Release|Any CPU.ActiveCfg = Release|Any CPU
		{159D7A0B-DBB2-408F-AEE7-887E51317165}.Release|Any CPU.Build.0 = Release|Any CPU
		{159D7A0B-DBB2-408F-AEE7-887E51317165}.Release|x64.ActiveCfg = Release|Any CPU
		{159D7A0B-DBB2-408F-AEE7-887E51317165}.Release|x64.Build.0 = Release|Any CPU
		{159D7A0B-DBB2-408F-AEE7-887E51317165}.Release|x86.ActiveCfg = Release|Any CPU
		{159D7A0B-DBB2-408F-AEE7-887E51317165}.Release|x86.Build.0 = Release|Any CPU
		{9046FFF4-B878-48A8-9724-F0BADCE23B99}.Debug|Any CPU.ActiveCfg = Debug|Any CPU
		{9046FFF4-B878-48A8-9724-F0BADCE23B99}.Debug|Any CPU.Build.0 = Debug|Any CPU
		{9046FFF4-B878-48A8-9724-F0BADCE23B99}.Debug|x64.ActiveCfg = Debug|Any CPU
		{9046FFF4-B878-48A8-9724-F0BADCE23B99}.Debug|x64.Build.0 = Debug|Any CPU
		{9046FFF4-B878-48A8-9724-F0BADCE23B99}.Debug|x86.ActiveCfg = Debug|Any CPU
		{9046FFF4-B878-48A8-9724-F0BADCE23B99}.Debug|x86.Build.0 = Debug|Any CPU
		{9046FFF4-B878-48A8-9724-F0BADCE23B99}.Release|Any CPU.ActiveCfg = Release|Any CPU
		{9046FFF4-B878-48A8-9724-F0BADCE23B99}.Release|Any CPU.Build.0 = Release|Any CPU
		{9046FFF4-B878-48A8-9724-F0BADCE23B99}.Release|x64.ActiveCfg = Release|Any CPU
		{9046FFF4-B878-48A8-9724-F0BADCE23B99}.Release|x64.Build.0 = Release|Any CPU
		{9046FFF4-B878-48A8-9724-F0BADCE23B99}.Release|x86.ActiveCfg = Release|Any CPU
		{9046FFF4-B878-48A8-9724-F0BADCE23B99}.Release|x86.Build.0 = Release|Any CPU
		{B6AF2E72-3932-4E63-BCFB-17B1ACB19F91}.Debug|Any CPU.ActiveCfg = Debug|Any CPU
		{B6AF2E72-3932-4E63-BCFB-17B1ACB19F91}.Debug|Any CPU.Build.0 = Debug|Any CPU
		{B6AF2E72-3932-4E63-BCFB-17B1ACB19F91}.Debug|x64.ActiveCfg = Debug|Any CPU
		{B6AF2E72-3932-4E63-BCFB-17B1ACB19F91}.Debug|x64.Build.0 = Debug|Any CPU
		{B6AF2E72-3932-4E63-BCFB-17B1ACB19F91}.Debug|x86.ActiveCfg = Debug|Any CPU
		{B6AF2E72-3932-4E63-BCFB-17B1ACB19F91}.Debug|x86.Build.0 = Debug|Any CPU
		{B6AF2E72-3932-4E63-BCFB-17B1ACB19F91}.Release|Any CPU.ActiveCfg = Release|Any CPU
		{B6AF2E72-3932-4E63-BCFB-17B1ACB19F91}.Release|Any CPU.Build.0 = Release|Any CPU
		{B6AF2E72-3932-4E63-BCFB-17B1ACB19F91}.Release|x64.ActiveCfg = Release|Any CPU
		{B6AF2E72-3932-4E63-BCFB-17B1ACB19F91}.Release|x64.Build.0 = Release|Any CPU
		{B6AF2E72-3932-4E63-BCFB-17B1ACB19F91}.Release|x86.ActiveCfg = Release|Any CPU
		{B6AF2E72-3932-4E63-BCFB-17B1ACB19F91}.Release|x86.Build.0 = Release|Any CPU
		{8A31CB0D-3529-4D94-B676-98D3EFB68833}.Debug|Any CPU.ActiveCfg = Debug|Any CPU
		{8A31CB0D-3529-4D94-B676-98D3EFB68833}.Debug|Any CPU.Build.0 = Debug|Any CPU
		{8A31CB0D-3529-4D94-B676-98D3EFB68833}.Debug|x64.ActiveCfg = Debug|Any CPU
		{8A31CB0D-3529-4D94-B676-98D3EFB68833}.Debug|x64.Build.0 = Debug|Any CPU
		{8A31CB0D-3529-4D94-B676-98D3EFB68833}.Debug|x86.ActiveCfg = Debug|Any CPU
		{8A31CB0D-3529-4D94-B676-98D3EFB68833}.Debug|x86.Build.0 = Debug|Any CPU
		{8A31CB0D-3529-4D94-B676-98D3EFB68833}.Release|Any CPU.ActiveCfg = Release|Any CPU
		{8A31CB0D-3529-4D94-B676-98D3EFB68833}.Release|Any CPU.Build.0 = Release|Any CPU
		{8A31CB0D-3529-4D94-B676-98D3EFB68833}.Release|x64.ActiveCfg = Release|Any CPU
		{8A31CB0D-3529-4D94-B676-98D3EFB68833}.Release|x64.Build.0 = Release|Any CPU
		{8A31CB0D-3529-4D94-B676-98D3EFB68833}.Release|x86.ActiveCfg = Release|Any CPU
		{8A31CB0D-3529-4D94-B676-98D3EFB68833}.Release|x86.Build.0 = Release|Any CPU
		{D7C32CF2-5865-4150-89E8-CD7E47967F3E}.Debug|Any CPU.ActiveCfg = Debug|Any CPU
		{D7C32CF2-5865-4150-89E8-CD7E47967F3E}.Debug|Any CPU.Build.0 = Debug|Any CPU
		{D7C32CF2-5865-4150-89E8-CD7E47967F3E}.Debug|x64.ActiveCfg = Debug|Any CPU
		{D7C32CF2-5865-4150-89E8-CD7E47967F3E}.Debug|x64.Build.0 = Debug|Any CPU
		{D7C32CF2-5865-4150-89E8-CD7E47967F3E}.Debug|x86.ActiveCfg = Debug|Any CPU
		{D7C32CF2-5865-4150-89E8-CD7E47967F3E}.Debug|x86.Build.0 = Debug|Any CPU
		{D7C32CF2-5865-4150-89E8-CD7E47967F3E}.Release|Any CPU.ActiveCfg = Release|Any CPU
		{D7C32CF2-5865-4150-89E8-CD7E47967F3E}.Release|Any CPU.Build.0 = Release|Any CPU
		{D7C32CF2-5865-4150-89E8-CD7E47967F3E}.Release|x64.ActiveCfg = Release|Any CPU
		{D7C32CF2-5865-4150-89E8-CD7E47967F3E}.Release|x64.Build.0 = Release|Any CPU
		{D7C32CF2-5865-4150-89E8-CD7E47967F3E}.Release|x86.ActiveCfg = Release|Any CPU
		{D7C32CF2-5865-4150-89E8-CD7E47967F3E}.Release|x86.Build.0 = Release|Any CPU
		{B426C184-169B-4D37-A17A-5E9FCEF445BE}.Debug|Any CPU.ActiveCfg = Debug|Any CPU
		{B426C184-169B-4D37-A17A-5E9FCEF445BE}.Debug|Any CPU.Build.0 = Debug|Any CPU
		{B426C184-169B-4D37-A17A-5E9FCEF445BE}.Debug|x64.ActiveCfg = Debug|Any CPU
		{B426C184-169B-4D37-A17A-5E9FCEF445BE}.Debug|x64.Build.0 = Debug|Any CPU
		{B426C184-169B-4D37-A17A-5E9FCEF445BE}.Debug|x86.ActiveCfg = Debug|Any CPU
		{B426C184-169B-4D37-A17A-5E9FCEF445BE}.Debug|x86.Build.0 = Debug|Any CPU
		{B426C184-169B-4D37-A17A-5E9FCEF445BE}.Release|Any CPU.ActiveCfg = Release|Any CPU
		{B426C184-169B-4D37-A17A-5E9FCEF445BE}.Release|Any CPU.Build.0 = Release|Any CPU
		{B426C184-169B-4D37-A17A-5E9FCEF445BE}.Release|x64.ActiveCfg = Release|Any CPU
		{B426C184-169B-4D37-A17A-5E9FCEF445BE}.Release|x64.Build.0 = Release|Any CPU
		{B426C184-169B-4D37-A17A-5E9FCEF445BE}.Release|x86.ActiveCfg = Release|Any CPU
		{B426C184-169B-4D37-A17A-5E9FCEF445BE}.Release|x86.Build.0 = Release|Any CPU
		{FCD73FD5-C18F-4533-882C-FE446F6A18C4}.Debug|Any CPU.ActiveCfg = Debug|Any CPU
		{FCD73FD5-C18F-4533-882C-FE446F6A18C4}.Debug|Any CPU.Build.0 = Debug|Any CPU
		{FCD73FD5-C18F-4533-882C-FE446F6A18C4}.Debug|x64.ActiveCfg = Debug|Any CPU
		{FCD73FD5-C18F-4533-882C-FE446F6A18C4}.Debug|x64.Build.0 = Debug|Any CPU
		{FCD73FD5-C18F-4533-882C-FE446F6A18C4}.Debug|x86.ActiveCfg = Debug|Any CPU
		{FCD73FD5-C18F-4533-882C-FE446F6A18C4}.Debug|x86.Build.0 = Debug|Any CPU
		{FCD73FD5-C18F-4533-882C-FE446F6A18C4}.Release|Any CPU.ActiveCfg = Release|Any CPU
		{FCD73FD5-C18F-4533-882C-FE446F6A18C4}.Release|Any CPU.Build.0 = Release|Any CPU
		{FCD73FD5-C18F-4533-882C-FE446F6A18C4}.Release|x64.ActiveCfg = Release|Any CPU
		{FCD73FD5-C18F-4533-882C-FE446F6A18C4}.Release|x64.Build.0 = Release|Any CPU
		{FCD73FD5-C18F-4533-882C-FE446F6A18C4}.Release|x86.ActiveCfg = Release|Any CPU
		{FCD73FD5-C18F-4533-882C-FE446F6A18C4}.Release|x86.Build.0 = Release|Any CPU
		{E7367CE9-A4F8-43B5-B5C5-ACCF5A4CCFD5}.Debug|Any CPU.ActiveCfg = Debug|Any CPU
		{E7367CE9-A4F8-43B5-B5C5-ACCF5A4CCFD5}.Debug|Any CPU.Build.0 = Debug|Any CPU
		{E7367CE9-A4F8-43B5-B5C5-ACCF5A4CCFD5}.Debug|x64.ActiveCfg = Debug|Any CPU
		{E7367CE9-A4F8-43B5-B5C5-ACCF5A4CCFD5}.Debug|x64.Build.0 = Debug|Any CPU
		{E7367CE9-A4F8-43B5-B5C5-ACCF5A4CCFD5}.Debug|x86.ActiveCfg = Debug|Any CPU
		{E7367CE9-A4F8-43B5-B5C5-ACCF5A4CCFD5}.Debug|x86.Build.0 = Debug|Any CPU
		{E7367CE9-A4F8-43B5-B5C5-ACCF5A4CCFD5}.Release|Any CPU.ActiveCfg = Release|Any CPU
		{E7367CE9-A4F8-43B5-B5C5-ACCF5A4CCFD5}.Release|Any CPU.Build.0 = Release|Any CPU
		{E7367CE9-A4F8-43B5-B5C5-ACCF5A4CCFD5}.Release|x64.ActiveCfg = Release|Any CPU
		{E7367CE9-A4F8-43B5-B5C5-ACCF5A4CCFD5}.Release|x64.Build.0 = Release|Any CPU
		{E7367CE9-A4F8-43B5-B5C5-ACCF5A4CCFD5}.Release|x86.ActiveCfg = Release|Any CPU
		{E7367CE9-A4F8-43B5-B5C5-ACCF5A4CCFD5}.Release|x86.Build.0 = Release|Any CPU
	EndGlobalSection
	GlobalSection(SolutionProperties) = preSolution
		HideSolutionNode = FALSE
	EndGlobalSection
	GlobalSection(NestedProjects) = preSolution
		{C13DC651-11CD-4062-B20E-1D06BC4F4A7A} = {13C8EB42-5C3F-C663-E524-30EAA0966C5C}
		{BD79CFA6-A2CA-45B9-BBA7-6A9188D75FA8} = {13C8EB42-5C3F-C663-E524-30EAA0966C5C}
		{931B8D63-691F-46C8-8F43-D29005CB8EC6} = {9A5D11C3-FDE6-8BCC-ECB6-766A15725461}
		{00B1BD26-935D-47DB-9AD5-30DB25BBB299} = {9A5D11C3-FDE6-8BCC-ECB6-766A15725461}
		{D9224EE4-3707-4715-9B8E-18AC8F92D88E} = {13C8EB42-5C3F-C663-E524-30EAA0966C5C}
		{159D7A0B-DBB2-408F-AEE7-887E51317165} = {13C8EB42-5C3F-C663-E524-30EAA0966C5C}
		{9046FFF4-B878-48A8-9724-F0BADCE23B99} = {9A5D11C3-FDE6-8BCC-ECB6-766A15725461}
		{B6AF2E72-3932-4E63-BCFB-17B1ACB19F91} = {9A5D11C3-FDE6-8BCC-ECB6-766A15725461}
	EndGlobalSection
	GlobalSection(ExtensibilityGlobals) = postSolution
		SolutionGuid = {272BF6EB-F7D8-4B58-9CBA-B6ACEF4145F0}
	EndGlobalSection
EndGlobal
